# THIS IS AN AUTOGENERATED FILE. DO NOT EDIT THIS FILE DIRECTLY.
# yarn lockfile v1


prettier-plugin-tailwindcss@^0.3.0:
  version "0.3.0"
  resolved "https://registry.yarnpkg.com/prettier-plugin-tailwindcss/-/prettier-plugin-tailwindcss-0.3.0.tgz#8299b307c7f6467f52732265579ed9375be6c818"
  integrity sha512-009/Xqdy7UmkcTBpwlq7jsViDqXAYSOMLDrHAdTMlVZOrKfM2o9Ci7EMWTMZ7SkKBFTG04UM9F9iM2+4i6boDA==
